
Microsoft Visual Studio Solution File, Format Version 12.00
# Visual Studio Version 17
VisualStudioVersion = 17.2.32505.173
MinimumVisualStudioVersion = 10.0.40219.1
Project("{9A19103F-16F7-4668-BE54-9A1E7A4F7556}") = "CatalogService", "CatalogService\CatalogService.csproj", "{3C8C4B17-4A53-4F81-895A-FB522AD73EB6}"
EndProject
Project("{9A19103F-16F7-4668-BE54-9A1E7A4F7556}") = "EmailService", "EmailService\EmailService.csproj", "{182E85C8-7FC9-4B82-BDD7-2301FA06C6E9}"
EndProject
Project("{9A19103F-16F7-4668-BE54-9A1E7A4F7556}") = "APIGateway", "APIGateway\APIGateway.csproj", "{42393400-E47C-4A15-8E26-AE455206AEB6}"
EndProject
Project("{FAE04EC0-301F-11D3-BF4B-00C04F79EFBC}") = "XUnitTest", "XUnitTest\XUnitTest.csproj", "{A7F9DAAA-9A9C-4456-A7D1-A006641F2C5A}"
EndProject
Global
	GlobalSection(SolutionConfigurationPlatforms) = preSolution
		Debug|Any CPU = Debug|Any CPU
		Release|Any CPU = Release|Any CPU
	EndGlobalSection
	GlobalSection(ProjectConfigurationPlatforms) = postSolution
		{3C8C4B17-4A53-4F81-895A-FB522AD73EB6}.Debug|Any CPU.ActiveCfg = Debug|Any CPU
		{3C8C4B17-4A53-4F81-895A-FB522AD73EB6}.Debug|Any CPU.Build.0 = Debug|Any CPU
		{3C8C4B17-4A53-4F81-895A-FB522AD73EB6}.Release|Any CPU.ActiveCfg = Release|Any CPU
		{3C8C4B17-4A53-4F81-895A-FB522AD73EB6}.Release|Any CPU.Build.0 = Release|Any CPU
		{182E85C8-7FC9-4B82-BDD7-2301FA06C6E9}.Debug|Any CPU.ActiveCfg = Debug|Any CPU
		{182E85C8-7FC9-4B82-BDD7-2301FA06C6E9}.Debug|Any CPU.Build.0 = Debug|Any CPU
		{182E85C8-7FC9-4B82-BDD7-2301FA06C6E9}.Release|Any CPU.ActiveCfg = Release|Any CPU
		{182E85C8-7FC9-4B82-BDD7-2301FA06C6E9}.Release|Any CPU.Build.0 = Release|Any CPU
		{42393400-E47C-4A15-8E26-AE455206AEB6}.Debug|Any CPU.ActiveCfg = Debug|Any CPU
		{42393400-E47C-4A15-8E26-AE455206AEB6}.Debug|Any CPU.Build.0 = Debug|Any CPU
		{42393400-E47C-4A15-8E26-AE455206AEB6}.Release|Any CPU.ActiveCfg = Release|Any CPU
		{42393400-E47C-4A15-8E26-AE455206AEB6}.Release|Any CPU.Build.0 = Release|Any CPU
		{A7F9DAAA-9A9C-4456-A7D1-A006641F2C5A}.Debug|Any CPU.ActiveCfg = Debug|Any CPU
		{A7F9DAAA-9A9C-4456-A7D1-A006641F2C5A}.Debug|Any CPU.Build.0 = Debug|Any CPU
		{A7F9DAAA-9A9C-4456-A7D1-A006641F2C5A}.Release|Any CPU.ActiveCfg = Release|Any CPU
		{A7F9DAAA-9A9C-4456-A7D1-A006641F2C5A}.Release|Any CPU.Build.0 = Release|Any CPU
	EndGlobalSection
	GlobalSection(SolutionProperties) = preSolution
		HideSolutionNode = FALSE
	EndGlobalSection
	GlobalSection(ExtensibilityGlobals) = postSolution
		SolutionGuid = {CA580310-244E-4195-8262-E7C10939BB26}
	EndGlobalSection
EndGlobal
